<?xml version="1.0" encoding="utf-8"?>
<Project ToolsVersion="17.0" xmlns="http://schemas.microsoft.com/developer/msbuild/2003">
  <ItemGroup>
    <ClCompile Include="main.cc">
      <Filter>Source Files</Filter>
    </ClCompile>
    <ClCompile Include="caviar.cc">
      <Filter>Source Files</Filter>
    </ClCompile>
    <ClCompile Include="fsd.cc">
      <Filter>Source Files</Filter>
    </ClCompile>
  </ItemGroup>
  <ItemGroup>
    <ClInclude Include="fsd.h">
      <Filter>Header Files</Filter>
    </ClInclude>
  </ItemGroup>
  <ItemGroup>
    <CustomBuild Include="CMakeLists.txt" />
  </ItemGroup>
  <ItemGroup>
    <Filter Include="Header Files">
      <UniqueIdentifier>{88B9F06B-3438-3FD3-B414-13CD68AEF2DB}</UniqueIdentifier>
    </Filter>
    <Filter Include="Source Files">
      <UniqueIdentifier>{C98CA05C-0CF3-3EB5-8700-F43124B5D47E}</UniqueIdentifier>
    </Filter>
  </ItemGroup>
</Project>
